
Microsoft Visual Studio Solution File, Format Version 11.00
# Visual Studio 2010
Project("{FAE04EC0-301F-11D3-BF4B-00C04F79EFBC}") = "FuchsMonoGUI", "FuchsMonoGUI.csproj", "{14D8A181-6EFA-4042-906E-2742C5EBFB7C}"
EndProject
Global
	GlobalSection(SolutionConfigurationPlatforms) = preSolution
		Debug|Any CPU = Debug|Any CPU
		Release|Any CPU = Release|Any CPU
	EndGlobalSection
	GlobalSection(ProjectConfigurationPlatforms) = postSolution
		{14D8A181-6EFA-4042-906E-2742C5EBFB7C}.Debug|Any CPU.ActiveCfg = Debug|Any CPU
		{14D8A181-6EFA-4042-906E-2742C5EBFB7C}.Debug|Any CPU.Build.0 = Debug|Any CPU
		{14D8A181-6EFA-4042-906E-2742C5EBFB7C}.Release|Any CPU.ActiveCfg = Release|Any CPU
		{14D8A181-6EFA-4042-906E-2742C5EBFB7C}.Release|Any CPU.Build.0 = Release|Any CPU
	EndGlobalSection
	GlobalSection(SolutionProperties) = preSolution
		HideSolutionNode = FALSE
	EndGlobalSection
EndGlobal
